{
  "lockfile_version": "1",
  "packages": {
    "claude-code@latest": {
      "last_modified": "2025-12-27T03:48:10Z",
      "resolved": "github:NixOS/nixpkgs/4eec65df50d796a8fd9c146a09b5007916ce376b#claude-code",
      "source": "devbox-search",
      "version": "2.0.76",
      "systems": {
        "aarch64-darwin": {
          "outputs": [
            {
              "name": "out",
              "path": "/nix/store/x9y8cms1gm1sk9vjcqgf40yk9y13qa77-claude-code-2.0.76",
              "default": true
            }
          ],
          "store_path": "/nix/store/x9y8cms1gm1sk9vjcqgf40yk9y13qa77-claude-code-2.0.76"
        },
        "aarch64-linux": {
          "outputs": [
            {
              "name": "out",
              "path": "/nix/store/1g9prcgxkbi9aw76ym1ygwmv7bldifz4-claude-code-2.0.76",
              "default": true
            }
          ],
          "store_path": "/nix/store/1g9prcgxkbi9aw76ym1ygwmv7bldifz4-claude-code-2.0.76"
        },
        "x86_64-darwin": {
          "outputs": [
            {
              "name": "out",
              "path": "/nix/store/0vqxdvk72pimgpzqlp95dgla3idld3ks-claude-code-2.0.76",
              "default": true
            }
          ],
          "store_path": "/nix/store/0vqxdvk72pimgpzqlp95dgla3idld3ks-claude-code-2.0.76"
        },
        "x86_64-linux": {
          "outputs": [
            {
              "name": "out",
              "path": "/nix/store/vmmvfrvjnhyip979rfbr3h21sickgh3a-claude-code-2.0.76",
              "default": true
            }
          ],
          "store_path": "/nix/store/vmmvfrvjnhyip979rfbr3h21sickgh3a-claude-code-2.0.76"
        }
      }
    },
    "git@latest": {
      "last_modified": "2025-06-20T02:24:11Z",
      "resolved": "github:NixOS/nixpkgs/076e8c6678d8c54204abcb4b1b14c366835a58bb#git",
      "source": "devbox-search",
      "version": "2.49.0",
      "systems": {
        "aarch64-darwin": {
          "outputs": [
            {
              "name": "out",
              "path": "/nix/store/ir2bhb7n3ngh0dg7p6jbhm1wa4d8gkb7-git-2.49.0",
              "default": true
            },
            {
              "name": "doc",
              "path": "/nix/store/f0bi1v08ki7pq6a4rzhjhnp5szj3940k-git-2.49.0-doc"
            }
          ],
          "store_path": "/nix/store/ir2bhb7n3ngh0dg7p6jbhm1wa4d8gkb7-git-2.49.0"
        },
        "aarch64-linux": {
          "outputs": [
            {
              "name": "out",
              "path": "/nix/store/5p8ljxbgnk31zxbz8hvrfkg1qfgiv3qi-git-2.49.0",
              "default": true
            },
            {
              "name": "debug",
              "path": "/nix/store/isw51rw1b78yw6k454m7h402k88n291w-git-2.49.0-debug"
            },
            {
              "name": "doc",
              "path": "/nix/store/hxw5vli42579b8bkxv6nq2p2z4vjvw97-git-2.49.0-doc"
            }
          ],
          "store_path": "/nix/store/5p8ljxbgnk31zxbz8hvrfkg1qfgiv3qi-git-2.49.0"
        },
        "x86_64-darwin": {
          "outputs": [
            {
              "name": "out",
              "path": "/nix/store/72qfjivfnm6kzdfbiavvici8bi3jzrs6-git-2.49.0",
              "default": true
            },
            {
              "name": "doc",
              "path": "/nix/store/900nidzjyaa0950wk104vzgb82h5wspi-git-2.49.0-doc"
            }
          ],
          "store_path": "/nix/store/72qfjivfnm6kzdfbiavvici8bi3jzrs6-git-2.49.0"
        },
        "x86_64-linux": {
          "outputs": [
            {
              "name": "out",
              "path": "/nix/store/rzqvhv48m3nh8g3j4k6jmz6yqy8apr95-git-2.49.0",
              "default": true
            },
            {
              "name": "debug",
              "path": "/nix/store/201xjz2py285323n3y7r30frdwbdnb6q-git-2.49.0-debug"
            },
            {
              "name": "doc",
              "path": "/nix/store/zcjdp82yx46w8yp1inxkkzb3a3k05a0m-git-2.49.0-doc"
            }
          ],
          "store_path": "/nix/store/rzqvhv48m3nh8g3j4k6jmz6yqy8apr95-git-2.49.0"
        }
      }
    },
    "github:NixOS/nixpkgs/nixpkgs-unstable": {
      "last_modified": "2025-06-29T07:09:35Z",
      "resolved": "github:NixOS/nixpkgs/a48741b083d4f36dd79abd9f760c84da6b4dc0e5?lastModified=1751180975&narHash=sha256-BKk4yDiXr4LdF80OTVqYJ53Q74rOcA%2F82EClXug8xsY%3D"
    },
    "nodePackages.pnpm@latest": {
      "last_modified": "2024-06-26T05:30:43Z",
      "resolved": "github:NixOS/nixpkgs/b3f3c1b13fb08f3828442ee86630362e81136bbc#nodePackages.pnpm",
      "source": "devbox-search",
      "version": "9.3.0",
      "systems": {
        "aarch64-darwin": {
          "outputs": [
            {
              "name": "out",
              "path": "/nix/store/g2rnwxx2lrhshx7w8aghanc3y0mznnbg-pnpm-9.3.0",
              "default": true
            }
          ],
          "store_path": "/nix/store/g2rnwxx2lrhshx7w8aghanc3y0mznnbg-pnpm-9.3.0"
        },
        "aarch64-linux": {
          "outputs": [
            {
              "name": "out",
              "path": "/nix/store/ipnzflbc30xf7bfj7zswxcwp4yk89502-pnpm-9.3.0",
              "default": true
            }
          ],
          "store_path": "/nix/store/ipnzflbc30xf7bfj7zswxcwp4yk89502-pnpm-9.3.0"
        },
        "x86_64-darwin": {
          "outputs": [
            {
              "name": "out",
              "path": "/nix/store/0z47pn0raipavaqrq4gxarrz6dl53ns8-pnpm-9.3.0",
              "default": true
            }
          ],
          "store_path": "/nix/store/0z47pn0raipavaqrq4gxarrz6dl53ns8-pnpm-9.3.0"
        },
        "x86_64-linux": {
          "outputs": [
            {
              "name": "out",
              "path": "/nix/store/r0xwws8a6r6rnknsvgic1zgwf2p8kfkm-pnpm-9.3.0",
              "default": true
            }
          ],
          "store_path": "/nix/store/r0xwws8a6r6rnknsvgic1zgwf2p8kfkm-pnpm-9.3.0"
        }
      }
    },
    "nodejs@22": {
      "last_modified": "2025-05-31T03:30:20Z",
      "plugin_version": "0.0.2",
      "resolved": "github:NixOS/nixpkgs/59138c7667b7970d205d6a05a8bfa2d78caa3643#nodejs_22",
      "source": "devbox-search",
      "version": "22.14.0",
      "systems": {
        "aarch64-darwin": {
          "outputs": [
            {
              "name": "out",
              "path": "/nix/store/g5bv4gi6p7ryhs2hbaryxs6ivsxa6lqc-nodejs-22.14.0",
              "default": true
            },
            {
              "name": "dev",
              "path": "/nix/store/96vpirdcns8zxdwzwl7n804012lwrf1n-nodejs-22.14.0-dev"
            },
            {
              "name": "libv8",
              "path": "/nix/store/xph2837xqjnra80mqlk64xp7vb3kkqxs-nodejs-22.14.0-libv8"
            }
          ],
          "store_path": "/nix/store/g5bv4gi6p7ryhs2hbaryxs6ivsxa6lqc-nodejs-22.14.0"
        },
        "aarch64-linux": {
          "outputs": [
            {
              "name": "out",
              "path": "/nix/store/cwb781xbp70f72njqh8vhvbsf1xq87i5-nodejs-22.14.0",
              "default": true
            },
            {
              "name": "dev",
              "path": "/nix/store/0w5mql46am2qai707a42q983l44l1h9z-nodejs-22.14.0-dev"
            },
            {
              "name": "libv8",
              "path": "/nix/store/vy56lahz381ayvw3hym3wj4r4ggv7gbk-nodejs-22.14.0-libv8"
            }
          ],
          "store_path": "/nix/store/cwb781xbp70f72njqh8vhvbsf1xq87i5-nodejs-22.14.0"
        },
        "x86_64-darwin": {
          "outputs": [
            {
              "name": "out",
              "path": "/nix/store/086zjv14ipka2vbpgwil3xyvi5ml4vh3-nodejs-22.14.0",
              "default": true
            },
            {
              "name": "dev",
              "path": "/nix/store/24n01nfvy908pwzwpgsl0k4227187i7i-nodejs-22.14.0-dev"
            },
            {
              "name": "libv8",
              "path": "/nix/store/jiwk0in1wk85crn9vp03gg937gbh1s0w-nodejs-22.14.0-libv8"
            }
          ],
          "store_path": "/nix/store/086zjv14ipka2vbpgwil3xyvi5ml4vh3-nodejs-22.14.0"
        },
        "x86_64-linux": {
          "outputs": [
            {
              "name": "out",
              "path": "/nix/store/c8jxsih8yy2rnncdmx2hyraizf689nvp-nodejs-22.14.0",
              "default": true
            },
            {
              "name": "libv8",
              "path": "/nix/store/s8gnrgh9hgnbkrc1wrn21d6zvkbvm9vi-nodejs-22.14.0-libv8"
            },
            {
              "name": "dev",
              "path": "/nix/store/xw8c1c0inxq3xl1d7axz19vq8c05kjk5-nodejs-22.14.0-dev"
            }
          ],
          "store_path": "/nix/store/c8jxsih8yy2rnncdmx2hyraizf689nvp-nodejs-22.14.0"
        }
      }
    }
  }
}
